// !$*UTF8*$!
{
	archiveVersion = 1;
	classes = {
	};
	objectVersion = 56;
	objects = {

/* Begin PBXBuildFile section */
		DC5804F02CADC00D000C391E /* AppleiPhoneChooseApp.swift in Sources */ = {isa = PBXBuildFile; fileRef = DC5804EF2CADC00D000C391E /* AppleiPhoneChooseApp.swift */; };
		DC5804F22CADC00D000C391E /* ContentView.swift in Sources */ = {isa = PBXBuildFile; fileRef = DC5804F12CADC00D000C391E /* ContentView.swift */; };
		DC5804F42CADC010000C391E /* Assets.xcassets in Resources */ = {isa = PBXBuildFile; fileRef = DC5804F32CADC010000C391E /* Assets.xcassets */; };
		DC5804F72CADC010000C391E /* Preview Assets.xcassets in Resources */ = {isa = PBXBuildFile; fileRef = DC5804F62CADC010000C391E /* Preview Assets.xcassets */; };
		DC5805012CADC010000C391E /* AppleiPhoneChooseTests.swift in Sources */ = {isa = PBXBuildFile; fileRef = DC5805002CADC010000C391E /* AppleiPhoneChooseTests.swift */; };
		DC58050B2CADC010000C391E /* AppleiPhoneChooseUITests.swift in Sources */ = {isa = PBXBuildFile; fileRef = DC58050A2CADC010000C391E /* AppleiPhoneChooseUITests.swift */; };
		DC58050D2CADC010000C391E /* AppleiPhoneChooseUITestsLaunchTests.swift in Sources */ = {isa = PBXBuildFile; fileRef = DC58050C2CADC010000C391E /* AppleiPhoneChooseUITestsLaunchTests.swift */; };
/* End PBXBuildFile section */

/* Begin PBXContainerItemProxy section */
		DC5804FD2CADC010000C391E /* PBXContainerItemProxy */ = {
			isa = PBXContainerItemProxy;
			containerPortal = DC5804E42CADC00D000C391E /* Project object */;
			proxyType = 1;
			remoteGlobalIDString = DC5804EB2CADC00D000C391E;
			remoteInfo = AppleiPhoneChoose;
		};
		DC5805072CADC010000C391E /* PBXContainerItemProxy */ = {
			isa = PBXContainerItemProxy;
			containerPortal = DC5804E42CADC00D000C391E /* Project object */;
			proxyType = 1;
			remoteGlobalIDString = DC5804EB2CADC00D000C391E;
			remoteInfo = AppleiPhoneChoose;
		};
/* End PBXContainerItemProxy section */

/* Begin PBXFileReference section */
		DC5804EC2CADC00D000C391E /* AppleiPhoneChoose.app */ = {isa = PBXFileReference; explicitFileType = wrapper.application; includeInIndex = 0; path = AppleiPhoneChoose.app; sourceTree = BUILT_PRODUCTS_DIR; };
		DC5804EF2CADC00D000C391E /* AppleiPhoneChooseApp.swift */ = {isa = PBXFileReference; lastKnownFileType = sourcecode.swift; path = AppleiPhoneChooseApp.swift; sourceTree = "<group>"; };
		DC5804F12CADC00D000C391E /* ContentView.swift */ = {isa = PBXFileReference; lastKnownFileType = sourcecode.swift; path = ContentView.swift; sourceTree = "<group>"; };
		DC5804F32CADC010000C391E /* Assets.xcassets */ = {isa = PBXFileReference; lastKnownFileType = folder.assetcatalog; path = Assets.xcassets; sourceTree = "<group>"; };
		DC5804F62CADC010000C391E /* Preview Assets.xcassets */ = {isa = PBXFileReference; lastKnownFileType = folder.assetcatalog; path = "Preview Assets.xcassets"; sourceTree = "<group>"; };
		DC5804FC2CADC010000C391E /* AppleiPhoneChooseTests.xctest */ = {isa = PBXFileReference; explicitFileType = wrapper.cfbundle; includeInIndex = 0; path = AppleiPhoneChooseTests.xctest; sourceTree = BUILT_PRODUCTS_DIR; };
		DC5805002CADC010000C391E /* AppleiPhoneChooseTests.swift */ = {isa = PBXFileReference; lastKnownFileType = sourcecode.swift; path = AppleiPhoneChooseTests.swift; sourceTree = "<group>"; };
		DC5805062CADC010000C391E /* AppleiPhoneChooseUITests.xctest */ = {isa = PBXFileReference; explicitFileType = wrapper.cfbundle; includeInIndex = 0; path = AppleiPhoneChooseUITests.xctest; sourceTree = BUILT_PRODUCTS_DIR; };
		DC58050A2CADC010000C391E /* AppleiPhoneChooseUITests.swift */ = {isa = PBXFileReference; lastKnownFileType = sourcecode.swift; path = AppleiPhoneChooseUITests.swift; sourceTree = "<group>"; };
		DC58050C2CADC010000C391E /* AppleiPhoneChooseUITestsLaunchTests.swift */ = {isa = PBXFileReference; lastKnownFileType = sourcecode.swift; path = AppleiPhoneChooseUITestsLaunchTests.swift; sourceTree = "<group>"; };
/* End PBXFileReference section */

/* Begin PBXFrameworksBuildPhase section */
		DC5804E92CADC00D000C391E /* Frameworks */ = {
			isa = PBXFrameworksBuildPhase;
			buildActionMask = 2147483647;
			files = (
			);
			runOnlyForDeploymentPostprocessing = 0;
		};
		DC5804F92CADC010000C391E /* Frameworks */ = {
			isa = PBXFrameworksBuildPhase;
			buildActionMask = 2147483647;
			files = (
			);
			runOnlyForDeploymentPostprocessing = 0;
		};
		DC5805032CADC010000C391E /* Frameworks */ = {
			isa = PBXFrameworksBuildPhase;
			buildActionMask = 2147483647;
			files = (
			);
			runOnlyForDeploymentPostprocessing = 0;
		};
/* End PBXFrameworksBuildPhase section */

/* Begin PBXGroup section */
		DC5804E32CADC00D000C391E = {
			isa = PBXGroup;
			children = (
				DC5804EE2CADC00D000C391E /* AppleiPhoneChoose */,
				DC5804FF2CADC010000C391E /* AppleiPhoneChooseTests */,
				DC5805092CADC010000C391E /* AppleiPhoneChooseUITests */,
				DC5804ED2CADC00D000C391E /* Products */,
			);
			sourceTree = "<group>";
		};
		DC5804ED2CADC00D000C391E /* Products */ = {
			isa = PBXGroup;
			children = (
				DC5804EC2CADC00D000C391E /* AppleiPhoneChoose.app */,
				DC5804FC2CADC010000C391E /* AppleiPhoneChooseTests.xctest */,
				DC5805062CADC010000C391E /* AppleiPhoneChooseUITests.xctest */,
			);
			name = Products;
			sourceTree = "<group>";
		};
		DC5804EE2CADC00D000C391E /* AppleiPhoneChoose */ = {
			isa = PBXGroup;
			children = (
				DC5804EF2CADC00D000C391E /* AppleiPhoneChooseApp.swift */,
				DC5804F12CADC00D000C391E /* ContentView.swift */,
				DC5804F32CADC010000C391E /* Assets.xcassets */,
				DC5804F52CADC010000C391E /* Preview Content */,
			);
			path = AppleiPhoneChoose;
			sourceTree = "<group>";
		};
		DC5804F52CADC010000C391E /* Preview Content */ = {
			isa = PBXGroup;
			children = (
				DC5804F62CADC010000C391E /* Preview Assets.xcassets */,
			);
			path = "Preview Content";
			sourceTree = "<group>";
		};
		DC5804FF2CADC010000C391E /* AppleiPhoneChooseTests */ = {
			isa = PBXGroup;
			children = (
				DC5805002CADC010000C391E /* AppleiPhoneChooseTests.swift */,
			);
			path = AppleiPhoneChooseTests;
			sourceTree = "<group>";
		};
		DC5805092CADC010000C391E /* AppleiPhoneChooseUITests */ = {
			isa = PBXGroup;
			children = (
				DC58050A2CADC010000C391E /* AppleiPhoneChooseUITests.swift */,
				DC58050C2CADC010000C391E /* AppleiPhoneChooseUITestsLaunchTests.swift */,
			);
			path = AppleiPhoneChooseUITests;
			sourceTree = "<group>";
		};
/* End PBXGroup section */

/* Begin PBXNativeTarget section */
		DC5804EB2CADC00D000C391E /* AppleiPhoneChoose */ = {
			isa = PBXNativeTarget;
			buildConfigurationList = DC5805102CADC011000C391E /* Build configuration list for PBXNativeTarget "AppleiPhoneChoose" */;
			buildPhases = (
				DC5804E82CADC00D000C391E /* Sources */,
				DC5804E92CADC00D000C391E /* Frameworks */,
				DC5804EA2CADC00D000C391E /* Resources */,
			);
			buildRules = (
			);
			dependencies = (
			);
			name = AppleiPhoneChoose;
			productName = AppleiPhoneChoose;
			productReference = DC5804EC2CADC00D000C391E /* AppleiPhoneChoose.app */;
			productType = "com.apple.product-type.application";
		};
		DC5804FB2CADC010000C391E /* AppleiPhoneChooseTests */ = {
			isa = PBXNativeTarget;
			buildConfigurationList = DC5805132CADC011000C391E /* Build configuration list for PBXNativeTarget "AppleiPhoneChooseTests" */;
			buildPhases = (
				DC5804F82CADC010000C391E /* Sources */,
				DC5804F92CADC010000C391E /* Frameworks */,
				DC5804FA2CADC010000C391E /* Resources */,
			);
			buildRules = (
			);
			dependencies = (
				DC5804FE2CADC010000C391E /* PBXTargetDependency */,
			);
			name = AppleiPhoneChooseTests;
			productName = AppleiPhoneChooseTests;
			productReference = DC5804FC2CADC010000C391E /* AppleiPhoneChooseTests.xctest */;
			productType = "com.apple.product-type.bundle.unit-test";
		};
		DC5805052CADC010000C391E /* AppleiPhoneChooseUITests */ = {
			isa = PBXNativeTarget;
			buildConfigurationList = DC5805162CADC011000C391E /* Build configuration list for PBXNativeTarget "AppleiPhoneChooseUITests" */;
			buildPhases = (
				DC5805022CADC010000C391E /* Sources */,
				DC5805032CADC010000C391E /* Frameworks */,
				DC5805042CADC010000C391E /* Resources */,
			);
			buildRules = (
			);
			dependencies = (
				DC5805082CADC010000C391E /* PBXTargetDependency */,
			);
			name = AppleiPhoneChooseUITests;
			productName = AppleiPhoneChooseUITests;
			productReference = DC5805062CADC010000C391E /* AppleiPhoneChooseUITests.xctest */;
			productType = "com.apple.product-type.bundle.ui-testing";
		};
/* End PBXNativeTarget section */

/* Begin PBXProject section */
		DC5804E42CADC00D000C391E /* Project object */ = {
			isa = PBXProject;
			attributes = {
				BuildIndependentTargetsInParallel = 1;
				LastSwiftUpdateCheck = 1540;
				LastUpgradeCheck = 1540;
				TargetAttributes = {
					DC5804EB2CADC00D000C391E = {
						CreatedOnToolsVersion = 15.4;
					};
					DC5804FB2CADC010000C391E = {
						CreatedOnToolsVersion = 15.4;
						TestTargetID = DC5804EB2CADC00D000C391E;
					};
					DC5805052CADC010000C391E = {
						CreatedOnToolsVersion = 15.4;
						TestTargetID = DC5804EB2CADC00D000C391E;
					};
				};
			};
			buildConfigurationList = DC5804E72CADC00D000C391E /* Build configuration list for PBXProject "AppleiPhoneChoose" */;
			compatibilityVersion = "Xcode 14.0";
			developmentRegion = en;
			hasScannedForEncodings = 0;
			knownRegions = (
				en,
				Base,
			);
			mainGroup = DC5804E32CADC00D000C391E;
			productRefGroup = DC5804ED2CADC00D000C391E /* Products */;
			projectDirPath = "";
			projectRoot = "";
			targets = (
				DC5804EB2CADC00D000C391E /* AppleiPhoneChoose */,
				DC5804FB2CADC010000C391E /* AppleiPhoneChooseTests */,
				DC5805052CADC010000C391E /* AppleiPhoneChooseUITests */,
			);
		};
/* End PBXProject section */

/* Begin PBXResourcesBuildPhase section */
		DC5804EA2CADC00D000C391E /* Resources */ = {
			isa = PBXResourcesBuildPhase;
			buildActionMask = 2147483647;
			files = (
				DC5804F72CADC010000C391E /* Preview Assets.xcassets in Resources */,
				DC5804F42CADC010000C391E /* Assets.xcassets in Resources */,
			);
			runOnlyForDeploymentPostprocessing = 0;
		};
		DC5804FA2CADC010000C391E /* Resources */ = {
			isa = PBXResourcesBuildPhase;
			buildActionMask = 2147483647;
			files = (
			);
			runOnlyForDeploymentPostprocessing = 0;
		};
		DC5805042CADC010000C391E /* Resources */ = {
			isa = PBXResourcesBuildPhase;
			buildActionMask = 2147483647;
			files = (
			);
			runOnlyForDeploymentPostprocessing = 0;
		};
/* End PBXResourcesBuildPhase section */

/* Begin PBXSourcesBuildPhase section */
		DC5804E82CADC00D000C391E /* Sources */ = {
			isa = PBXSourcesBuildPhase;
			buildActionMask = 2147483647;
			files = (
				DC5804F22CADC00D000C391E /* ContentView.swift in Sources */,
				DC5804F02CADC00D000C391E /* AppleiPhoneChooseApp.swift in Sources */,
			);
			runOnlyForDeploymentPostprocessing = 0;
		};
		DC5804F82CADC010000C391E /* Sources */ = {
			isa = PBXSourcesBuildPhase;
			buildActionMask = 2147483647;
			files = (
				DC5805012CADC010000C391E /* AppleiPhoneChooseTests.swift in Sources */,
			);
			runOnlyForDeploymentPostprocessing = 0;
		};
		DC5805022CADC010000C391E /* Sources */ = {
			isa = PBXSourcesBuildPhase;
			buildActionMask = 2147483647;
			files = (
				DC58050B2CADC010000C391E /* AppleiPhoneChooseUITests.swift in Sources */,
				DC58050D2CADC010000C391E /* AppleiPhoneChooseUITestsLaunchTests.swift in Sources */,
			);
			runOnlyForDeploymentPostprocessing = 0;
		};
/* End PBXSourcesBuildPhase section */

/* Begin PBXTargetDependency section */
		DC5804FE2CADC010000C391E /* PBXTargetDependency */ = {
			isa = PBXTargetDependency;
			target = DC5804EB2CADC00D000C391E /* AppleiPhoneChoose */;
			targetProxy = DC5804FD2CADC010000C391E /* PBXContainerItemProxy */;
		};
		DC5805082CADC010000C391E /* PBXTargetDependency */ = {
			isa = PBXTargetDependency;
			target = DC5804EB2CADC00D000C391E /* AppleiPhoneChoose */;
			targetProxy = DC5805072CADC010000C391E /* PBXContainerItemProxy */;
		};
/* End PBXTargetDependency section */

/* Begin XCBuildConfiguration section */
		DC58050E2CADC010000C391E /* Debug */ = {
			isa = XCBuildConfiguration;
			buildSettings = {
				ALWAYS_SEARCH_USER_PATHS = NO;
				ASSETCATALOG_COMPILER_GENERATE_SWIFT_ASSET_SYMBOL_EXTENSIONS = YES;
				CLANG_ANALYZER_NONNULL = YES;
				CLANG_ANALYZER_NUMBER_OBJECT_CONVERSION = YES_AGGRESSIVE;
				CLANG_CXX_LANGUAGE_STANDARD = "gnu++20";
				CLANG_ENABLE_MODULES = YES;
				CLANG_ENABLE_OBJC_ARC = YES;
				CLANG_ENABLE_OBJC_WEAK = YES;
				CLANG_WARN_BLOCK_CAPTURE_AUTORELEASING = YES;
				CLANG_WARN_BOOL_CONVERSION = YES;
				CLANG_WARN_COMMA = YES;
				CLANG_WARN_CONSTANT_CONVERSION = YES;
				CLANG_WARN_DEPRECATED_OBJC_IMPLEMENTATIONS = YES;
				CLANG_WARN_DIRECT_OBJC_ISA_USAGE = YES_ERROR;
				CLANG_WARN_DOCUMENTATION_COMMENTS = YES;
				CLANG_WARN_EMPTY_BODY = YES;
				CLANG_WARN_ENUM_CONVERSION = YES;
				CLANG_WARN_INFINITE_RECURSION = YES;
				CLANG_WARN_INT_CONVERSION = YES;
				CLANG_WARN_NON_LITERAL_NULL_CONVERSION = YES;
				CLANG_WARN_OBJC_IMPLICIT_RETAIN_SELF = YES;
				CLANG_WARN_OBJC_LITERAL_CONVERSION = YES;
				CLANG_WARN_OBJC_ROOT_CLASS = YES_ERROR;
				CLANG_WARN_QUOTED_INCLUDE_IN_FRAMEWORK_HEADER = YES;
				CLANG_WARN_RANGE_LOOP_ANALYSIS = YES;
				CLANG_WARN_STRICT_PROTOTYPES = YES;
				CLANG_WARN_SUSPICIOUS_MOVE = YES;
				CLANG_WARN_UNGUARDED_AVAILABILITY = YES_AGGRESSIVE;
				CLANG_WARN_UNREACHABLE_CODE = YES;
				CLANG_WARN__DUPLICATE_METHOD_MATCH = YES;
				COPY_PHASE_STRIP = NO;
				DEBUG_INFORMATION_FORMAT = dwarf;
				ENABLE_STRICT_OBJC_MSGSEND = YES;
				ENABLE_TESTABILITY = YES;
				ENABLE_USER_SCRIPT_SANDBOXING = YES;
				GCC_C_LANGUAGE_STANDARD = gnu17;
				GCC_DYNAMIC_NO_PIC = NO;
				GCC_NO_COMMON_BLOCKS = YES;
				GCC_OPTIMIZATION_LEVEL = 0;
				GCC_PREPROCESSOR_DEFINITIONS = (
					"DEBUG=1",
					"$(inherited)",
				);
				GCC_WARN_64_TO_32_BIT_CONVERSION = YES;
				GCC_WARN_ABOUT_RETURN_TYPE = YES_ERROR;
				GCC_WARN_UNDECLARED_SELECTOR = YES;
				GCC_WARN_UNINITIALIZED_AUTOS = YES_AGGRESSIVE;
				GCC_WARN_UNUSED_FUNCTION = YES;
				GCC_WARN_UNUSED_VARIABLE = YES;
				IPHONEOS_DEPLOYMENT_TARGET = 17.5;
				LOCALIZATION_PREFERS_STRING_CATALOGS = YES;
				MTL_ENABLE_DEBUG_INFO = INCLUDE_SOURCE;
				MTL_FAST_MATH = YES;
				ONLY_ACTIVE_ARCH = YES;
				SDKROOT = iphoneos;
				SWIFT_ACTIVE_COMPILATION_CONDITIONS = "DEBUG $(inherited)";
				SWIFT_OPTIMIZATION_LEVEL = "-Onone";
			};
			name = Debug;
		};
		DC58050F2CADC010000C391E /* Release */ = {
			isa = XCBuildConfiguration;
			buildSettings = {
				ALWAYS_SEARCH_USER_PATHS = NO;
				ASSETCATALOG_COMPILER_GENERATE_SWIFT_ASSET_SYMBOL_EXTENSIONS = YES;
				CLANG_ANALYZER_NONNULL = YES;
				CLANG_ANALYZER_NUMBER_OBJECT_CONVERSION = YES_AGGRESSIVE;
				CLANG_CXX_LANGUAGE_STANDARD = "gnu++20";
				CLANG_ENABLE_MODULES = YES;
				CLANG_ENABLE_OBJC_ARC = YES;
				CLANG_ENABLE_OBJC_WEAK = YES;
				CLANG_WARN_BLOCK_CAPTURE_AUTORELEASING = YES;
				CLANG_WARN_BOOL_CONVERSION = YES;
				CLANG_WARN_COMMA = YES;
				CLANG_WARN_CONSTANT_CONVERSION = YES;
				CLANG_WARN_DEPRECATED_OBJC_IMPLEMENTATIONS = YES;
				CLANG_WARN_DIRECT_OBJC_ISA_USAGE = YES_ERROR;
				CLANG_WARN_DOCUMENTATION_COMMENTS = YES;
				CLANG_WARN_EMPTY_BODY = YES;
				CLANG_WARN_ENUM_CONVERSION = YES;
				CLANG_WARN_INFINITE_RECURSION = YES;
				CLANG_WARN_INT_CONVERSION = YES;
				CLANG_WARN_NON_LITERAL_NULL_CONVERSION = YES;
				CLANG_WARN_OBJC_IMPLICIT_RETAIN_SELF = YES;
				CLANG_WARN_OBJC_LITERAL_CONVERSION = YES;
				CLANG_WARN_OBJC_ROOT_CLASS = YES_ERROR;
				CLANG_WARN_QUOTED_INCLUDE_IN_FRAMEWORK_HEADER = YES;
				CLANG_WARN_RANGE_LOOP_ANALYSIS = YES;
				CLANG_WARN_STRICT_PROTOTYPES = YES;
				CLANG_WARN_SUSPICIOUS_MOVE = YES;
				CLANG_WARN_UNGUARDED_AVAILABILITY = YES_AGGRESSIVE;
				CLANG_WARN_UNREACHABLE_CODE = YES;
				CLANG_WARN__DUPLICATE_METHOD_MATCH = YES;
				COPY_PHASE_STRIP = NO;
				DEBUG_INFORMATION_FORMAT = "dwarf-with-dsym";
				ENABLE_NS_ASSERTIONS = NO;
				ENABLE_STRICT_OBJC_MSGSEND = YES;
				ENABLE_USER_SCRIPT_SANDBOXING = YES;
				GCC_C_LANGUAGE_STANDARD = gnu17;
				GCC_NO_COMMON_BLOCKS = YES;
				GCC_WARN_64_TO_32_BIT_CONVERSION = YES;
				GCC_WARN_ABOUT_RETURN_TYPE = YES_ERROR;
				GCC_WARN_UNDECLARED_SELECTOR = YES;
				GCC_WARN_UNINITIALIZED_AUTOS = YES_AGGRESSIVE;
				GCC_WARN_UNUSED_FUNCTION = YES;
				GCC_WARN_UNUSED_VARIABLE = YES;
				IPHONEOS_DEPLOYMENT_TARGET = 17.5;
				LOCALIZATION_PREFERS_STRING_CATALOGS = YES;
				MTL_ENABLE_DEBUG_INFO = NO;
				MTL_FAST_MATH = YES;
				SDKROOT = iphoneos;
				SWIFT_COMPILATION_MODE = wholemodule;
				VALIDATE_PRODUCT = YES;
			};
			name = Release;
		};
		DC5805112CADC011000C391E /* Debug */ = {
			isa = XCBuildConfiguration;
			buildSettings = {
				ASSETCATALOG_COMPILER_APPICON_NAME = AppIcon;
				ASSETCATALOG_COMPILER_GLOBAL_ACCENT_COLOR_NAME = AccentColor;
				CODE_SIGN_STYLE = Automatic;
				CURRENT_PROJECT_VERSION = 1;
				DEVELOPMENT_ASSET_PATHS = "\"AppleiPhoneChoose/Preview Content\"";
				ENABLE_PREVIEWS = YES;
				GENERATE_INFOPLIST_FILE = YES;
				INFOPLIST_KEY_UIApplicationSceneManifest_Generation = YES;
				INFOPLIST_KEY_UIApplicationSupportsIndirectInputEvents = YES;
				INFOPLIST_KEY_UILaunchScreen_Generation = YES;
				INFOPLIST_KEY_UISupportedInterfaceOrientations_iPad = "UIInterfaceOrientationPortrait UIInterfaceOrientationPortraitUpsideDown UIInterfaceOrientationLandscapeLeft UIInterfaceOrientationLandscapeRight";
				INFOPLIST_KEY_UISupportedInterfaceOrientations_iPhone = "UIInterfaceOrientationPortrait UIInterfaceOrientationLandscapeLeft UIInterfaceOrientationLandscapeRight";
				LD_RUNPATH_SEARCH_PATHS = (
					"$(inherited)",
					"@executable_path/Frameworks",
				);
				MARKETING_VERSION = 1.0;
				PRODUCT_BUNDLE_IDENTIFIER = Swift.AppleiPhoneChoose;
				PRODUCT_NAME = "$(TARGET_NAME)";
				SWIFT_EMIT_LOC_STRINGS = YES;
				SWIFT_VERSION = 5.0;
				TARGETED_DEVICE_FAMILY = "1,2";
			};
			name = Debug;
		};
		DC5805122CADC011000C391E /* Release */ = {
			isa = XCBuildConfiguration;
			buildSettings = {
				ASSETCATALOG_COMPILER_APPICON_NAME = AppIcon;
				ASSETCATALOG_COMPILER_GLOBAL_ACCENT_COLOR_NAME = AccentColor;
				CODE_SIGN_STYLE = Automatic;
				CURRENT_PROJECT_VERSION = 1;
				DEVELOPMENT_ASSET_PATHS = "\"AppleiPhoneChoose/Preview Content\"";
				ENABLE_PREVIEWS = YES;
				GENERATE_INFOPLIST_FILE = YES;
				INFOPLIST_KEY_UIApplicationSceneManifest_Generation = YES;
				INFOPLIST_KEY_UIApplicationSupportsIndirectInputEvents = YES;
				INFOPLIST_KEY_UILaunchScreen_Generation = YES;
				INFOPLIST_KEY_UISupportedInterfaceOrientations_iPad = "UIInterfaceOrientationPortrait UIInterfaceOrientationPortraitUpsideDown UIInterfaceOrientationLandscapeLeft UIInterfaceOrientationLandscapeRight";
				INFOPLIST_KEY_UISupportedInterfaceOrientations_iPhone = "UIInterfaceOrientationPortrait UIInterfaceOrientationLandscapeLeft UIInterfaceOrientationLandscapeRight";
				LD_RUNPATH_SEARCH_PATHS = (
					"$(inherited)",
					"@executable_path/Frameworks",
				);
				MARKETING_VERSION = 1.0;
				PRODUCT_BUNDLE_IDENTIFIER = Swift.AppleiPhoneChoose;
				PRODUCT_NAME = "$(TARGET_NAME)";
				SWIFT_EMIT_LOC_STRINGS = YES;
				SWIFT_VERSION = 5.0;
				TARGETED_DEVICE_FAMILY = "1,2";
			};
			name = Release;
		};
		DC5805142CADC011000C391E /* Debug */ = {
			isa = XCBuildConfiguration;
			buildSettings = {
				ALWAYS_EMBED_SWIFT_STANDARD_LIBRARIES = YES;
				BUNDLE_LOADER = "$(TEST_HOST)";
				CODE_SIGN_STYLE = Automatic;
				CURRENT_PROJECT_VERSION = 1;
				GENERATE_INFOPLIST_FILE = YES;
				IPHONEOS_DEPLOYMENT_TARGET = 17.5;
				MARKETING_VERSION = 1.0;
				PRODUCT_BUNDLE_IDENTIFIER = Swift.AppleiPhoneChooseTests;
				PRODUCT_NAME = "$(TARGET_NAME)";
				SWIFT_EMIT_LOC_STRINGS = NO;
				SWIFT_VERSION = 5.0;
				TARGETED_DEVICE_FAMILY = "1,2";
				TEST_HOST = "$(BUILT_PRODUCTS_DIR)/AppleiPhoneChoose.app/$(BUNDLE_EXECUTABLE_FOLDER_PATH)/AppleiPhoneChoose";
			};
			name = Debug;
		};
		DC5805152CADC011000C391E /* Release */ = {
			isa = XCBuildConfiguration;
			buildSettings = {
				ALWAYS_EMBED_SWIFT_STANDARD_LIBRARIES = YES;
				BUNDLE_LOADER = "$(TEST_HOST)";
				CODE_SIGN_STYLE = Automatic;
				CURRENT_PROJECT_VERSION = 1;
				GENERATE_INFOPLIST_FILE = YES;
				IPHONEOS_DEPLOYMENT_TARGET = 17.5;
				MARKETING_VERSION = 1.0;
				PRODUCT_BUNDLE_IDENTIFIER = Swift.AppleiPhoneChooseTests;
				PRODUCT_NAME = "$(TARGET_NAME)";
				SWIFT_EMIT_LOC_STRINGS = NO;
				SWIFT_VERSION = 5.0;
				TARGETED_DEVICE_FAMILY = "1,2";
				TEST_HOST = "$(BUILT_PRODUCTS_DIR)/AppleiPhoneChoose.app/$(BUNDLE_EXECUTABLE_FOLDER_PATH)/AppleiPhoneChoose";
			};
			name = Release;
		};
		DC5805172CADC011000C391E /* Debug */ = {
			isa = XCBuildConfiguration;
			buildSettings = {
				ALWAYS_EMBED_SWIFT_STANDARD_LIBRARIES = YES;
				CODE_SIGN_STYLE = Automatic;
				CURRENT_PROJECT_VERSION = 1;
				GENERATE_INFOPLIST_FILE = YES;
				MARKETING_VERSION = 1.0;
				PRODUCT_BUNDLE_IDENTIFIER = Swift.AppleiPhoneChooseUITests;
				PRODUCT_NAME = "$(TARGET_NAME)";
				SWIFT_EMIT_LOC_STRINGS = NO;
				SWIFT_VERSION = 5.0;
				TARGETED_DEVICE_FAMILY = "1,2";
				TEST_TARGET_NAME = AppleiPhoneChoose;
			};
			name = Debug;
		};
		DC5805182CADC011000C391E /* Release */ = {
			isa = XCBuildConfiguration;
			buildSettings = {
				ALWAYS_EMBED_SWIFT_STANDARD_LIBRARIES = YES;
				CODE_SIGN_STYLE = Automatic;
				CURRENT_PROJECT_VERSION = 1;
				GENERATE_INFOPLIST_FILE = YES;
				MARKETING_VERSION = 1.0;
				PRODUCT_BUNDLE_IDENTIFIER = Swift.AppleiPhoneChooseUITests;
				PRODUCT_NAME = "$(TARGET_NAME)";
				SWIFT_EMIT_LOC_STRINGS = NO;
				SWIFT_VERSION = 5.0;
				TARGETED_DEVICE_FAMILY = "1,2";
				TEST_TARGET_NAME = AppleiPhoneChoose;
			};
			name = Release;
		};
/* End XCBuildConfiguration section */

/* Begin XCConfigurationList section */
		DC5804E72CADC00D000C391E /* Build configuration list for PBXProject "AppleiPhoneChoose" */ = {
			isa = XCConfigurationList;
			buildConfigurations = (
				DC58050E2CADC010000C391E /* Debug */,
				DC58050F2CADC010000C391E /* Release */,
			);
			defaultConfigurationIsVisible = 0;
			defaultConfigurationName = Release;
		};
		DC5805102CADC011000C391E /* Build configuration list for PBXNativeTarget "AppleiPhoneChoose" */ = {
			isa = XCConfigurationList;
			buildConfigurations = (
				DC5805112CADC011000C391E /* Debug */,
				DC5805122CADC011000C391E /* Release */,
			);
			defaultConfigurationIsVisible = 0;
			defaultConfigurationName = Release;
		};
		DC5805132CADC011000C391E /* Build configuration list for PBXNativeTarget "AppleiPhoneChooseTests" */ = {
			isa = XCConfigurationList;
			buildConfigurations = (
				DC5805142CADC011000C391E /* Debug */,
				DC5805152CADC011000C391E /* Release */,
			);
			defaultConfigurationIsVisible = 0;
			defaultConfigurationName = Release;
		};
		DC5805162CADC011000C391E /* Build configuration list for PBXNativeTarget "AppleiPhoneChooseUITests" */ = {
			isa = XCConfigurationList;
			buildConfigurations = (
				DC5805172CADC011000C391E /* Debug */,
				DC5805182CADC011000C391E /* Release */,
			);
			defaultConfigurationIsVisible = 0;
			defaultConfigurationName = Release;
		};
/* End XCConfigurationList section */
	};
	rootObject = DC5804E42CADC00D000C391E /* Project object */;
}
